
Microsoft Visual Studio Solution File, Format Version 12.00
# Visual Studio Version 17
VisualStudioVersion = 17.0.32112.339
MinimumVisualStudioVersion = 10.0.40219.1
Project("{FAE04EC0-301F-11D3-BF4B-00C04F79EFBC}") = "Lesson3-1", "Lesson3-1\Lesson3-1.csproj", "{6690806A-3A33-4E37-9F5F-231F34C55458}"
EndProject
Project("{FAE04EC0-301F-11D3-BF4B-00C04F79EFBC}") = "Lesson3-2", "Lesson3-2\Lesson3-2.csproj", "{1ABFF77A-CD3A-4F57-B3F8-87B6296BB581}"
EndProject
Project("{FAE04EC0-301F-11D3-BF4B-00C04F79EFBC}") = "Lesson3-3", "Lesson3-3\Lesson3-3.csproj", "{4871BBCA-7E27-4C79-B760-28B689B56565}"
EndProject
Global
	GlobalSection(SolutionConfigurationPlatforms) = preSolution
		Debug|Any CPU = Debug|Any CPU
		Release|Any CPU = Release|Any CPU
	EndGlobalSection
	GlobalSection(ProjectConfigurationPlatforms) = postSolution
		{6690806A-3A33-4E37-9F5F-231F34C55458}.Debug|Any CPU.ActiveCfg = Debug|Any CPU
		{6690806A-3A33-4E37-9F5F-231F34C55458}.Debug|Any CPU.Build.0 = Debug|Any CPU
		{6690806A-3A33-4E37-9F5F-231F34C55458}.Release|Any CPU.ActiveCfg = Release|Any CPU
		{6690806A-3A33-4E37-9F5F-231F34C55458}.Release|Any CPU.Build.0 = Release|Any CPU
		{1ABFF77A-CD3A-4F57-B3F8-87B6296BB581}.Debug|Any CPU.ActiveCfg = Debug|Any CPU
		{1ABFF77A-CD3A-4F57-B3F8-87B6296BB581}.Debug|Any CPU.Build.0 = Debug|Any CPU
		{1ABFF77A-CD3A-4F57-B3F8-87B6296BB581}.Release|Any CPU.ActiveCfg = Release|Any CPU
		{1ABFF77A-CD3A-4F57-B3F8-87B6296BB581}.Release|Any CPU.Build.0 = Release|Any CPU
		{4871BBCA-7E27-4C79-B760-28B689B56565}.Debug|Any CPU.ActiveCfg = Debug|Any CPU
		{4871BBCA-7E27-4C79-B760-28B689B56565}.Debug|Any CPU.Build.0 = Debug|Any CPU
		{4871BBCA-7E27-4C79-B760-28B689B56565}.Release|Any CPU.ActiveCfg = Release|Any CPU
		{4871BBCA-7E27-4C79-B760-28B689B56565}.Release|Any CPU.Build.0 = Release|Any CPU
	EndGlobalSection
	GlobalSection(SolutionProperties) = preSolution
		HideSolutionNode = FALSE
	EndGlobalSection
	GlobalSection(ExtensibilityGlobals) = postSolution
		SolutionGuid = {615A1F8A-9D77-4CA6-9B6F-F69731B24B4C}
	EndGlobalSection
EndGlobal
